
Microsoft Visual Studio Solution File, Format Version 12.00
# Visual Studio 15
VisualStudioVersion = 15.0.26906.1
MinimumVisualStudioVersion = 10.0.40219.1
Project("{8BC9CEB8-8B4A-11D0-8D11-00A0C91BC942}") = "SP_PR1_1", "Lab_01\Lab_01.vcxproj", "{3787226C-7ACC-43A4-A8EC-532126B9CCAD}"
EndProject
Project("{2150E333-8FDC-42A3-9474-1A3956D46DE8}") = "Lab_01", "Lab_01", "{91EF724A-D6D2-4389-B49E-903BCAD0FD15}"
EndProject
Project("{8BC9CEB8-8B4A-11D0-8D11-00A0C91BC942}") = "SP_PR1_2", "Lab_01_02\Lab_01_02.vcxproj", "{3101F85A-EECA-4057-AA62-7453475F8293}"
EndProject
Project("{2150E333-8FDC-42A3-9474-1A3956D46DE8}") = "Lab_02", "Lab_02", "{69A05EE3-01B9-40CF-88EB-4A26500281FF}"
EndProject
Project("{8BC9CEB8-8B4A-11D0-8D11-00A0C91BC942}") = "SP_PR3", "SP_PR3\SP_PR3.vcxproj", "{50560710-516D-4DDC-AA72-B9BA7D6EE9DC}"
EndProject
Project("{2150E333-8FDC-42A3-9474-1A3956D46DE8}") = "Lab_03", "Lab_03", "{60DCE99A-EF8F-46D1-99DC-1725A5613C21}"
EndProject
Project("{8BC9CEB8-8B4A-11D0-8D11-00A0C91BC942}") = "SP_PR_5", "SP_PR_5\SP_PR_5.vcxproj", "{BA0ACFB0-FEB0-4A75-8AA2-44C3609890CA}"
EndProject
Global
	GlobalSection(SolutionConfigurationPlatforms) = preSolution
		Debug|x64 = Debug|x64
		Debug|x86 = Debug|x86
		Release|x64 = Release|x64
		Release|x86 = Release|x86
	EndGlobalSection
	GlobalSection(ProjectConfigurationPlatforms) = postSolution
		{3787226C-7ACC-43A4-A8EC-532126B9CCAD}.Debug|x64.ActiveCfg = Debug|x64
		{3787226C-7ACC-43A4-A8EC-532126B9CCAD}.Debug|x64.Build.0 = Debug|x64
		{3787226C-7ACC-43A4-A8EC-532126B9CCAD}.Debug|x86.ActiveCfg = Debug|Win32
		{3787226C-7ACC-43A4-A8EC-532126B9CCAD}.Debug|x86.Build.0 = Debug|Win32
		{3787226C-7ACC-43A4-A8EC-532126B9CCAD}.Release|x64.ActiveCfg = Release|x64
		{3787226C-7ACC-43A4-A8EC-532126B9CCAD}.Release|x64.Build.0 = Release|x64
		{3787226C-7ACC-43A4-A8EC-532126B9CCAD}.Release|x86.ActiveCfg = Release|Win32
		{3787226C-7ACC-43A4-A8EC-532126B9CCAD}.Release|x86.Build.0 = Release|Win32
		{3101F85A-EECA-4057-AA62-7453475F8293}.Debug|x64.ActiveCfg = Debug|x64
		{3101F85A-EECA-4057-AA62-7453475F8293}.Debug|x64.Build.0 = Debug|x64
		{3101F85A-EECA-4057-AA62-7453475F8293}.Debug|x86.ActiveCfg = Debug|Win32
		{3101F85A-EECA-4057-AA62-7453475F8293}.Debug|x86.Build.0 = Debug|Win32
		{3101F85A-EECA-4057-AA62-7453475F8293}.Release|x64.ActiveCfg = Release|x64
		{3101F85A-EECA-4057-AA62-7453475F8293}.Release|x64.Build.0 = Release|x64
		{3101F85A-EECA-4057-AA62-7453475F8293}.Release|x86.ActiveCfg = Release|Win32
		{3101F85A-EECA-4057-AA62-7453475F8293}.Release|x86.Build.0 = Release|Win32
		{50560710-516D-4DDC-AA72-B9BA7D6EE9DC}.Debug|x64.ActiveCfg = Debug|x64
		{50560710-516D-4DDC-AA72-B9BA7D6EE9DC}.Debug|x64.Build.0 = Debug|x64
		{50560710-516D-4DDC-AA72-B9BA7D6EE9DC}.Debug|x86.ActiveCfg = Debug|Win32
		{50560710-516D-4DDC-AA72-B9BA7D6EE9DC}.Debug|x86.Build.0 = Debug|Win32
		{50560710-516D-4DDC-AA72-B9BA7D6EE9DC}.Release|x64.ActiveCfg = Release|x64
		{50560710-516D-4DDC-AA72-B9BA7D6EE9DC}.Release|x64.Build.0 = Release|x64
		{50560710-516D-4DDC-AA72-B9BA7D6EE9DC}.Release|x86.ActiveCfg = Release|Win32
		{50560710-516D-4DDC-AA72-B9BA7D6EE9DC}.Release|x86.Build.0 = Release|Win32
		{BA0ACFB0-FEB0-4A75-8AA2-44C3609890CA}.Debug|x64.ActiveCfg = Debug|x64
		{BA0ACFB0-FEB0-4A75-8AA2-44C3609890CA}.Debug|x64.Build.0 = Debug|x64
		{BA0ACFB0-FEB0-4A75-8AA2-44C3609890CA}.Debug|x86.ActiveCfg = Debug|Win32
		{BA0ACFB0-FEB0-4A75-8AA2-44C3609890CA}.Debug|x86.Build.0 = Debug|Win32
		{BA0ACFB0-FEB0-4A75-8AA2-44C3609890CA}.Release|x64.ActiveCfg = Release|x64
		{BA0ACFB0-FEB0-4A75-8AA2-44C3609890CA}.Release|x64.Build.0 = Release|x64
		{BA0ACFB0-FEB0-4A75-8AA2-44C3609890CA}.Release|x86.ActiveCfg = Release|Win32
		{BA0ACFB0-FEB0-4A75-8AA2-44C3609890CA}.Release|x86.Build.0 = Release|Win32
	EndGlobalSection
	GlobalSection(SolutionProperties) = preSolution
		HideSolutionNode = FALSE
	EndGlobalSection
	GlobalSection(NestedProjects) = preSolution
		{3787226C-7ACC-43A4-A8EC-532126B9CCAD} = {91EF724A-D6D2-4389-B49E-903BCAD0FD15}
		{3101F85A-EECA-4057-AA62-7453475F8293} = {91EF724A-D6D2-4389-B49E-903BCAD0FD15}
		{50560710-516D-4DDC-AA72-B9BA7D6EE9DC} = {69A05EE3-01B9-40CF-88EB-4A26500281FF}
		{BA0ACFB0-FEB0-4A75-8AA2-44C3609890CA} = {60DCE99A-EF8F-46D1-99DC-1725A5613C21}
	EndGlobalSection
	GlobalSection(ExtensibilityGlobals) = postSolution
		SolutionGuid = {4A85C575-6A48-4D32-945B-A48FA47C4DDF}
	EndGlobalSection
EndGlobal
