
Microsoft Visual Studio Solution File, Format Version 12.00
# Visual Studio 15
VisualStudioVersion = 15.0.27004.2009
MinimumVisualStudioVersion = 10.0.40219.1
Project("{8BC9CEB8-8B4A-11D0-8D11-00A0C91BC942}") = "SP_SR1", "SP_SR1\SP_SR1.vcxproj", "{3787226C-7ACC-43A4-A8EC-532126B9CCAD}"
EndProject
Project("{8BC9CEB8-8B4A-11D0-8D11-00A0C91BC942}") = "SP_PR2", "SP_PR2\SP_PR2.vcxproj", "{3101F85A-EECA-4057-AA62-7453475F8293}"
EndProject
Project("{8BC9CEB8-8B4A-11D0-8D11-00A0C91BC942}") = "SP_PR3", "SP_PR3\SP_PR3.vcxproj", "{50560710-516D-4DDC-AA72-B9BA7D6EE9DC}"
EndProject
Project("{8BC9CEB8-8B4A-11D0-8D11-00A0C91BC942}") = "SP_PR5", "SP_PR5\SP_PR5.vcxproj", "{BA0ACFB0-FEB0-4A75-8AA2-44C3609890CA}"
EndProject
Project("{8BC9CEB8-8B4A-11D0-8D11-00A0C91BC942}") = "SP_SR3", "SP_SR3\SP_SR3.vcxproj", "{14DB01EA-2F16-46E1-9096-349268EB8ACA}"
EndProject
Project("{8BC9CEB8-8B4A-11D0-8D11-00A0C91BC942}") = "SP_SR2", "SP_SR2\SP_SR2.vcxproj", "{E5BEF36F-CDDE-436E-AE68-AE49870FD694}"
EndProject
Project("{8BC9CEB8-8B4A-11D0-8D11-00A0C91BC942}") = "SP_SR4", "SP_SR4\SP_SR4.vcxproj", "{C54D85E1-5522-4632-A858-7547C5EAA593}"
EndProject
Project("{8BC9CEB8-8B4A-11D0-8D11-00A0C91BC942}") = "SP_SR5", "SP_SR5\SP_SR5.vcxproj", "{2F0B7F91-FD6D-4A49-86F4-B72CA84F4BD2}"
EndProject
Project("{8BC9CEB8-8B4A-11D0-8D11-00A0C91BC942}") = "SP_PR6_1", "SP_PR6_1\SP_PR6_1.vcxproj", "{B702C5FD-B7FD-405A-823E-7D9E707FC465}"
EndProject
Project("{8BC9CEB8-8B4A-11D0-8D11-00A0C91BC942}") = "SP_PR6_2", "SP_PR6_2\SP_PR6_2.vcxproj", "{4A7628AE-05A7-4817-AF9A-03138B043934}"
EndProject
Project("{8BC9CEB8-8B4A-11D0-8D11-00A0C91BC942}") = "SP_PR7", "SP_PR7\SP_PR7.vcxproj", "{E2C857C2-708A-4FE0-9550-30EF843EBB0A}"
EndProject
Project("{2150E333-8FDC-42A3-9474-1A3956D46DE8}") = "Part2", "Part2", "{DB0D4A1B-DF7E-4EF9-A84D-A9F67080EEDC}"
EndProject
Project("{8BC9CEB8-8B4A-11D0-8D11-00A0C91BC942}") = "SP_PR2-1", "SP_PR2-1\SP_PR2-1.vcxproj", "{2F045BD7-21A8-4439-B583-6AA3A607452A}"
EndProject
Project("{8BC9CEB8-8B4A-11D0-8D11-00A0C91BC942}") = "SP_PR2-2", "SP_PR2-2\SP_PR2-2.vcxproj", "{ABE4A11D-901A-480D-9C12-9DCFC4C7F0A7}"
EndProject
Project("{8BC9CEB8-8B4A-11D0-8D11-00A0C91BC942}") = "VOLODKO", "VOLODKO\VOLODKO.vcxproj", "{D4707E66-2CA7-4265-9B3D-1784A69C41BA}"
EndProject
Project("{8BC9CEB8-8B4A-11D0-8D11-00A0C91BC942}") = "SP_PR2-4", "SP_PR2-4\SP_PR2-4.vcxproj", "{A4D19084-8A20-4373-8B83-06DF970B31BC}"
EndProject
Project("{8BC9CEB8-8B4A-11D0-8D11-00A0C91BC942}") = "SP_PR2-5", "SP_PR2-5\SP_PR2-5.vcxproj", "{EBEB52B7-5069-443D-8BAC-094349F0D6B9}"
EndProject
Global
	GlobalSection(SolutionConfigurationPlatforms) = preSolution
		Debug|x64 = Debug|x64
		Debug|x86 = Debug|x86
		Release|x64 = Release|x64
		Release|x86 = Release|x86
	EndGlobalSection
	GlobalSection(ProjectConfigurationPlatforms) = postSolution
		{3787226C-7ACC-43A4-A8EC-532126B9CCAD}.Debug|x64.ActiveCfg = Debug|x64
		{3787226C-7ACC-43A4-A8EC-532126B9CCAD}.Debug|x64.Build.0 = Debug|x64
		{3787226C-7ACC-43A4-A8EC-532126B9CCAD}.Debug|x86.ActiveCfg = Debug|Win32
		{3787226C-7ACC-43A4-A8EC-532126B9CCAD}.Debug|x86.Build.0 = Debug|Win32
		{3787226C-7ACC-43A4-A8EC-532126B9CCAD}.Release|x64.ActiveCfg = Release|x64
		{3787226C-7ACC-43A4-A8EC-532126B9CCAD}.Release|x64.Build.0 = Release|x64
		{3787226C-7ACC-43A4-A8EC-532126B9CCAD}.Release|x86.ActiveCfg = Release|Win32
		{3787226C-7ACC-43A4-A8EC-532126B9CCAD}.Release|x86.Build.0 = Release|Win32
		{3101F85A-EECA-4057-AA62-7453475F8293}.Debug|x64.ActiveCfg = Debug|x64
		{3101F85A-EECA-4057-AA62-7453475F8293}.Debug|x64.Build.0 = Debug|x64
		{3101F85A-EECA-4057-AA62-7453475F8293}.Debug|x86.ActiveCfg = Debug|Win32
		{3101F85A-EECA-4057-AA62-7453475F8293}.Debug|x86.Build.0 = Debug|Win32
		{3101F85A-EECA-4057-AA62-7453475F8293}.Release|x64.ActiveCfg = Release|x64
		{3101F85A-EECA-4057-AA62-7453475F8293}.Release|x64.Build.0 = Release|x64
		{3101F85A-EECA-4057-AA62-7453475F8293}.Release|x86.ActiveCfg = Release|Win32
		{3101F85A-EECA-4057-AA62-7453475F8293}.Release|x86.Build.0 = Release|Win32
		{50560710-516D-4DDC-AA72-B9BA7D6EE9DC}.Debug|x64.ActiveCfg = Debug|x64
		{50560710-516D-4DDC-AA72-B9BA7D6EE9DC}.Debug|x64.Build.0 = Debug|x64
		{50560710-516D-4DDC-AA72-B9BA7D6EE9DC}.Debug|x86.ActiveCfg = Debug|Win32
		{50560710-516D-4DDC-AA72-B9BA7D6EE9DC}.Debug|x86.Build.0 = Debug|Win32
		{50560710-516D-4DDC-AA72-B9BA7D6EE9DC}.Release|x64.ActiveCfg = Release|x64
		{50560710-516D-4DDC-AA72-B9BA7D6EE9DC}.Release|x64.Build.0 = Release|x64
		{50560710-516D-4DDC-AA72-B9BA7D6EE9DC}.Release|x86.ActiveCfg = Release|Win32
		{50560710-516D-4DDC-AA72-B9BA7D6EE9DC}.Release|x86.Build.0 = Release|Win32
		{BA0ACFB0-FEB0-4A75-8AA2-44C3609890CA}.Debug|x64.ActiveCfg = Debug|x64
		{BA0ACFB0-FEB0-4A75-8AA2-44C3609890CA}.Debug|x64.Build.0 = Debug|x64
		{BA0ACFB0-FEB0-4A75-8AA2-44C3609890CA}.Debug|x86.ActiveCfg = Debug|Win32
		{BA0ACFB0-FEB0-4A75-8AA2-44C3609890CA}.Debug|x86.Build.0 = Debug|Win32
		{BA0ACFB0-FEB0-4A75-8AA2-44C3609890CA}.Release|x64.ActiveCfg = Release|x64
		{BA0ACFB0-FEB0-4A75-8AA2-44C3609890CA}.Release|x64.Build.0 = Release|x64
		{BA0ACFB0-FEB0-4A75-8AA2-44C3609890CA}.Release|x86.ActiveCfg = Release|Win32
		{BA0ACFB0-FEB0-4A75-8AA2-44C3609890CA}.Release|x86.Build.0 = Release|Win32
		{14DB01EA-2F16-46E1-9096-349268EB8ACA}.Debug|x64.ActiveCfg = Debug|x64
		{14DB01EA-2F16-46E1-9096-349268EB8ACA}.Debug|x64.Build.0 = Debug|x64
		{14DB01EA-2F16-46E1-9096-349268EB8ACA}.Debug|x86.ActiveCfg = Debug|Win32
		{14DB01EA-2F16-46E1-9096-349268EB8ACA}.Debug|x86.Build.0 = Debug|Win32
		{14DB01EA-2F16-46E1-9096-349268EB8ACA}.Release|x64.ActiveCfg = Release|x64
		{14DB01EA-2F16-46E1-9096-349268EB8ACA}.Release|x64.Build.0 = Release|x64
		{14DB01EA-2F16-46E1-9096-349268EB8ACA}.Release|x86.ActiveCfg = Release|Win32
		{14DB01EA-2F16-46E1-9096-349268EB8ACA}.Release|x86.Build.0 = Release|Win32
		{E5BEF36F-CDDE-436E-AE68-AE49870FD694}.Debug|x64.ActiveCfg = Debug|x64
		{E5BEF36F-CDDE-436E-AE68-AE49870FD694}.Debug|x64.Build.0 = Debug|x64
		{E5BEF36F-CDDE-436E-AE68-AE49870FD694}.Debug|x86.ActiveCfg = Debug|Win32
		{E5BEF36F-CDDE-436E-AE68-AE49870FD694}.Debug|x86.Build.0 = Debug|Win32
		{E5BEF36F-CDDE-436E-AE68-AE49870FD694}.Release|x64.ActiveCfg = Release|x64
		{E5BEF36F-CDDE-436E-AE68-AE49870FD694}.Release|x64.Build.0 = Release|x64
		{E5BEF36F-CDDE-436E-AE68-AE49870FD694}.Release|x86.ActiveCfg = Release|Win32
		{E5BEF36F-CDDE-436E-AE68-AE49870FD694}.Release|x86.Build.0 = Release|Win32
		{C54D85E1-5522-4632-A858-7547C5EAA593}.Debug|x64.ActiveCfg = Debug|x64
		{C54D85E1-5522-4632-A858-7547C5EAA593}.Debug|x64.Build.0 = Debug|x64
		{C54D85E1-5522-4632-A858-7547C5EAA593}.Debug|x86.ActiveCfg = Debug|Win32
		{C54D85E1-5522-4632-A858-7547C5EAA593}.Debug|x86.Build.0 = Debug|Win32
		{C54D85E1-5522-4632-A858-7547C5EAA593}.Release|x64.ActiveCfg = Release|x64
		{C54D85E1-5522-4632-A858-7547C5EAA593}.Release|x64.Build.0 = Release|x64
		{C54D85E1-5522-4632-A858-7547C5EAA593}.Release|x86.ActiveCfg = Release|Win32
		{C54D85E1-5522-4632-A858-7547C5EAA593}.Release|x86.Build.0 = Release|Win32
		{2F0B7F91-FD6D-4A49-86F4-B72CA84F4BD2}.Debug|x64.ActiveCfg = Debug|x64
		{2F0B7F91-FD6D-4A49-86F4-B72CA84F4BD2}.Debug|x64.Build.0 = Debug|x64
		{2F0B7F91-FD6D-4A49-86F4-B72CA84F4BD2}.Debug|x86.ActiveCfg = Debug|Win32
		{2F0B7F91-FD6D-4A49-86F4-B72CA84F4BD2}.Debug|x86.Build.0 = Debug|Win32
		{2F0B7F91-FD6D-4A49-86F4-B72CA84F4BD2}.Release|x64.ActiveCfg = Release|x64
		{2F0B7F91-FD6D-4A49-86F4-B72CA84F4BD2}.Release|x64.Build.0 = Release|x64
		{2F0B7F91-FD6D-4A49-86F4-B72CA84F4BD2}.Release|x86.ActiveCfg = Release|Win32
		{2F0B7F91-FD6D-4A49-86F4-B72CA84F4BD2}.Release|x86.Build.0 = Release|Win32
		{B702C5FD-B7FD-405A-823E-7D9E707FC465}.Debug|x64.ActiveCfg = Debug|x64
		{B702C5FD-B7FD-405A-823E-7D9E707FC465}.Debug|x64.Build.0 = Debug|x64
		{B702C5FD-B7FD-405A-823E-7D9E707FC465}.Debug|x86.ActiveCfg = Debug|Win32
		{B702C5FD-B7FD-405A-823E-7D9E707FC465}.Debug|x86.Build.0 = Debug|Win32
		{B702C5FD-B7FD-405A-823E-7D9E707FC465}.Release|x64.ActiveCfg = Release|x64
		{B702C5FD-B7FD-405A-823E-7D9E707FC465}.Release|x64.Build.0 = Release|x64
		{B702C5FD-B7FD-405A-823E-7D9E707FC465}.Release|x86.ActiveCfg = Release|Win32
		{B702C5FD-B7FD-405A-823E-7D9E707FC465}.Release|x86.Build.0 = Release|Win32
		{4A7628AE-05A7-4817-AF9A-03138B043934}.Debug|x64.ActiveCfg = Debug|x64
		{4A7628AE-05A7-4817-AF9A-03138B043934}.Debug|x64.Build.0 = Debug|x64
		{4A7628AE-05A7-4817-AF9A-03138B043934}.Debug|x86.ActiveCfg = Debug|Win32
		{4A7628AE-05A7-4817-AF9A-03138B043934}.Debug|x86.Build.0 = Debug|Win32
		{4A7628AE-05A7-4817-AF9A-03138B043934}.Release|x64.ActiveCfg = Release|x64
		{4A7628AE-05A7-4817-AF9A-03138B043934}.Release|x64.Build.0 = Release|x64
		{4A7628AE-05A7-4817-AF9A-03138B043934}.Release|x86.ActiveCfg = Release|Win32
		{4A7628AE-05A7-4817-AF9A-03138B043934}.Release|x86.Build.0 = Release|Win32
		{E2C857C2-708A-4FE0-9550-30EF843EBB0A}.Debug|x64.ActiveCfg = Debug|x64
		{E2C857C2-708A-4FE0-9550-30EF843EBB0A}.Debug|x64.Build.0 = Debug|x64
		{E2C857C2-708A-4FE0-9550-30EF843EBB0A}.Debug|x86.ActiveCfg = Debug|Win32
		{E2C857C2-708A-4FE0-9550-30EF843EBB0A}.Debug|x86.Build.0 = Debug|Win32
		{E2C857C2-708A-4FE0-9550-30EF843EBB0A}.Release|x64.ActiveCfg = Release|x64
		{E2C857C2-708A-4FE0-9550-30EF843EBB0A}.Release|x64.Build.0 = Release|x64
		{E2C857C2-708A-4FE0-9550-30EF843EBB0A}.Release|x86.ActiveCfg = Release|Win32
		{E2C857C2-708A-4FE0-9550-30EF843EBB0A}.Release|x86.Build.0 = Release|Win32
		{2F045BD7-21A8-4439-B583-6AA3A607452A}.Debug|x64.ActiveCfg = Debug|x64
		{2F045BD7-21A8-4439-B583-6AA3A607452A}.Debug|x64.Build.0 = Debug|x64
		{2F045BD7-21A8-4439-B583-6AA3A607452A}.Debug|x86.ActiveCfg = Debug|Win32
		{2F045BD7-21A8-4439-B583-6AA3A607452A}.Debug|x86.Build.0 = Debug|Win32
		{2F045BD7-21A8-4439-B583-6AA3A607452A}.Release|x64.ActiveCfg = Release|x64
		{2F045BD7-21A8-4439-B583-6AA3A607452A}.Release|x64.Build.0 = Release|x64
		{2F045BD7-21A8-4439-B583-6AA3A607452A}.Release|x86.ActiveCfg = Release|Win32
		{2F045BD7-21A8-4439-B583-6AA3A607452A}.Release|x86.Build.0 = Release|Win32
		{ABE4A11D-901A-480D-9C12-9DCFC4C7F0A7}.Debug|x64.ActiveCfg = Debug|x64
		{ABE4A11D-901A-480D-9C12-9DCFC4C7F0A7}.Debug|x64.Build.0 = Debug|x64
		{ABE4A11D-901A-480D-9C12-9DCFC4C7F0A7}.Debug|x86.ActiveCfg = Debug|Win32
		{ABE4A11D-901A-480D-9C12-9DCFC4C7F0A7}.Debug|x86.Build.0 = Debug|Win32
		{ABE4A11D-901A-480D-9C12-9DCFC4C7F0A7}.Release|x64.ActiveCfg = Release|x64
		{ABE4A11D-901A-480D-9C12-9DCFC4C7F0A7}.Release|x64.Build.0 = Release|x64
		{ABE4A11D-901A-480D-9C12-9DCFC4C7F0A7}.Release|x86.ActiveCfg = Release|Win32
		{ABE4A11D-901A-480D-9C12-9DCFC4C7F0A7}.Release|x86.Build.0 = Release|Win32
		{D4707E66-2CA7-4265-9B3D-1784A69C41BA}.Debug|x64.ActiveCfg = Debug|x64
		{D4707E66-2CA7-4265-9B3D-1784A69C41BA}.Debug|x64.Build.0 = Debug|x64
		{D4707E66-2CA7-4265-9B3D-1784A69C41BA}.Debug|x86.ActiveCfg = Debug|Win32
		{D4707E66-2CA7-4265-9B3D-1784A69C41BA}.Debug|x86.Build.0 = Debug|Win32
		{D4707E66-2CA7-4265-9B3D-1784A69C41BA}.Release|x64.ActiveCfg = Release|x64
		{D4707E66-2CA7-4265-9B3D-1784A69C41BA}.Release|x64.Build.0 = Release|x64
		{D4707E66-2CA7-4265-9B3D-1784A69C41BA}.Release|x86.ActiveCfg = Release|Win32
		{D4707E66-2CA7-4265-9B3D-1784A69C41BA}.Release|x86.Build.0 = Release|Win32
		{A4D19084-8A20-4373-8B83-06DF970B31BC}.Debug|x64.ActiveCfg = Debug|x64
		{A4D19084-8A20-4373-8B83-06DF970B31BC}.Debug|x64.Build.0 = Debug|x64
		{A4D19084-8A20-4373-8B83-06DF970B31BC}.Debug|x86.ActiveCfg = Debug|Win32
		{A4D19084-8A20-4373-8B83-06DF970B31BC}.Debug|x86.Build.0 = Debug|Win32
		{A4D19084-8A20-4373-8B83-06DF970B31BC}.Release|x64.ActiveCfg = Release|x64
		{A4D19084-8A20-4373-8B83-06DF970B31BC}.Release|x64.Build.0 = Release|x64
		{A4D19084-8A20-4373-8B83-06DF970B31BC}.Release|x86.ActiveCfg = Release|Win32
		{A4D19084-8A20-4373-8B83-06DF970B31BC}.Release|x86.Build.0 = Release|Win32
		{EBEB52B7-5069-443D-8BAC-094349F0D6B9}.Debug|x64.ActiveCfg = Debug|x64
		{EBEB52B7-5069-443D-8BAC-094349F0D6B9}.Debug|x64.Build.0 = Debug|x64
		{EBEB52B7-5069-443D-8BAC-094349F0D6B9}.Debug|x86.ActiveCfg = Debug|Win32
		{EBEB52B7-5069-443D-8BAC-094349F0D6B9}.Debug|x86.Build.0 = Debug|Win32
		{EBEB52B7-5069-443D-8BAC-094349F0D6B9}.Release|x64.ActiveCfg = Release|x64
		{EBEB52B7-5069-443D-8BAC-094349F0D6B9}.Release|x64.Build.0 = Release|x64
		{EBEB52B7-5069-443D-8BAC-094349F0D6B9}.Release|x86.ActiveCfg = Release|Win32
		{EBEB52B7-5069-443D-8BAC-094349F0D6B9}.Release|x86.Build.0 = Release|Win32
	EndGlobalSection
	GlobalSection(SolutionProperties) = preSolution
		HideSolutionNode = FALSE
	EndGlobalSection
	GlobalSection(NestedProjects) = preSolution
		{2F045BD7-21A8-4439-B583-6AA3A607452A} = {DB0D4A1B-DF7E-4EF9-A84D-A9F67080EEDC}
		{ABE4A11D-901A-480D-9C12-9DCFC4C7F0A7} = {DB0D4A1B-DF7E-4EF9-A84D-A9F67080EEDC}
		{D4707E66-2CA7-4265-9B3D-1784A69C41BA} = {DB0D4A1B-DF7E-4EF9-A84D-A9F67080EEDC}
		{A4D19084-8A20-4373-8B83-06DF970B31BC} = {DB0D4A1B-DF7E-4EF9-A84D-A9F67080EEDC}
		{EBEB52B7-5069-443D-8BAC-094349F0D6B9} = {DB0D4A1B-DF7E-4EF9-A84D-A9F67080EEDC}
	EndGlobalSection
	GlobalSection(ExtensibilityGlobals) = postSolution
		SolutionGuid = {4A85C575-6A48-4D32-945B-A48FA47C4DDF}
	EndGlobalSection
EndGlobal
